// !$*UTF8*$!
{
	archiveVersion = 1;
	classes = {
	};
	objectVersion = 46;
	objects = {

/* Begin PBXBuildFile section */
		5DBB12A21BF5EC6000C1703D /* main.c in Sources */ = {isa = PBXBuildFile; fileRef = 5DBB12A11BF5EC6000C1703D /* main.c */; };
		5DBB12B61BF6472E00C1703D /* signal.c in Sources */ = {isa = PBXBuildFile; fileRef = 5DBB12B41BF6472E00C1703D /* signal.c */; };
/* End PBXBuildFile section */

/* Begin PBXCopyFilesBuildPhase section */
		5DBB129C1BF5EC6000C1703D /* CopyFiles */ = {
			isa = PBXCopyFilesBuildPhase;
			buildActionMask = 2147483647;
			dstPath = /usr/share/man/man1/;
			dstSubfolderSpec = 0;
			files = (
			);
			runOnlyForDeploymentPostprocessing = 1;
		};
/* End PBXCopyFilesBuildPhase section */

/* Begin PBXFileReference section */
		5DBB129E1BF5EC6000C1703D /* IceCreamShop */ = {isa = PBXFileReference; explicitFileType = "compiled.mach-o.executable"; includeInIndex = 0; path = IceCreamShop; sourceTree = BUILT_PRODUCTS_DIR; };
		5DBB12A11BF5EC6000C1703D /* main.c */ = {isa = PBXFileReference; lastKnownFileType = sourcecode.c.c; path = main.c; sourceTree = "<group>"; };
		5DBB12B41BF6472E00C1703D /* signal.c */ = {isa = PBXFileReference; fileEncoding = 4; lastKnownFileType = sourcecode.c.c; path = signal.c; sourceTree = "<group>"; };
		5DBB12B51BF6472E00C1703D /* signal.h */ = {isa = PBXFileReference; fileEncoding = 4; lastKnownFileType = sourcecode.c.h; path = signal.h; sourceTree = "<group>"; };
/* End PBXFileReference section */

/* Begin PBXFrameworksBuildPhase section */
		5DBB129B1BF5EC6000C1703D /* Frameworks */ = {
			isa = PBXFrameworksBuildPhase;
			buildActionMask = 2147483647;
			files = (
			);
			runOnlyForDeploymentPostprocessing = 0;
		};
/* End PBXFrameworksBuildPhase section */

/* Begin PBXGroup section */
		5DBB12951BF5EC6000C1703D = {
			isa = PBXGroup;
			children = (
				5DBB12A01BF5EC6000C1703D /* IceCreamShop */,
				5DBB129F1BF5EC6000C1703D /* Products */,
			);
			sourceTree = "<group>";
		};
		5DBB129F1BF5EC6000C1703D /* Products */ = {
			isa = PBXGroup;
			children = (
				5DBB129E1BF5EC6000C1703D /* IceCreamShop */,
			);
			name = Products;
			sourceTree = "<group>";
		};
		5DBB12A01BF5EC6000C1703D /* IceCreamShop */ = {
			isa = PBXGroup;
			children = (
				5DBB12A11BF5EC6000C1703D /* main.c */,
				5DBB12B41BF6472E00C1703D /* signal.c */,
				5DBB12B51BF6472E00C1703D /* signal.h */,
			);
			path = IceCreamShop;
			sourceTree = "<group>";
		};
/* End PBXGroup section */

/* Begin PBXNativeTarget section */
		5DBB129D1BF5EC6000C1703D /* IceCreamShop */ = {
			isa = PBXNativeTarget;
			buildConfigurationList = 5DBB12A51BF5EC6000C1703D /* Build configuration list for PBXNativeTarget "IceCreamShop" */;
			buildPhases = (
				5DBB129A1BF5EC6000C1703D /* Sources */,
				5DBB129B1BF5EC6000C1703D /* Frameworks */,
				5DBB129C1BF5EC6000C1703D /* CopyFiles */,
			);
			buildRules = (
			);
			dependencies = (
			);
			name = IceCreamShop;
			productName = IceCreamShop;
			productReference = 5DBB129E1BF5EC6000C1703D /* IceCreamShop */;
			productType = "com.apple.product-type.tool";
		};
/* End PBXNativeTarget section */

/* Begin PBXProject section */
		5DBB12961BF5EC6000C1703D /* Project object */ = {
			isa = PBXProject;
			attributes = {
				LastUpgradeCheck = 0710;
				ORGANIZATIONNAME = ronglei;
				TargetAttributes = {
					5DBB129D1BF5EC6000C1703D = {
						CreatedOnToolsVersion = 7.1.1;
					};
				};
			};
			buildConfigurationList = 5DBB12991BF5EC6000C1703D /* Build configuration list for PBXProject "IceCreamShop" */;
			compatibilityVersion = "Xcode 3.2";
			developmentRegion = English;
			hasScannedForEncodings = 0;
			knownRegions = (
				en,
			);
			mainGroup = 5DBB12951BF5EC6000C1703D;
			productRefGroup = 5DBB129F1BF5EC6000C1703D /* Products */;
			projectDirPath = "";
			projectRoot = "";
			targets = (
				5DBB129D1BF5EC6000C1703D /* IceCreamShop */,
			);
		};
/* End PBXProject section */

/* Begin PBXSourcesBuildPhase section */
		5DBB129A1BF5EC6000C1703D /* Sources */ = {
			isa = PBXSourcesBuildPhase;
			buildActionMask = 2147483647;
			files = (
				5DBB12A21BF5EC6000C1703D /* main.c in Sources */,
				5DBB12B61BF6472E00C1703D /* signal.c in Sources */,
			);
			runOnlyForDeploymentPostprocessing = 0;
		};
/* End PBXSourcesBuildPhase section */

/* Begin XCBuildConfiguration section */
		5DBB12A31BF5EC6000C1703D /* Debug */ = {
			isa = XCBuildConfiguration;
			buildSettings = {
				ALWAYS_SEARCH_USER_PATHS = NO;
				CLANG_CXX_LANGUAGE_STANDARD = "gnu++0x";
				CLANG_CXX_LIBRARY = "libc++";
				CLANG_ENABLE_MODULES = YES;
				CLANG_ENABLE_OBJC_ARC = YES;
				CLANG_WARN_BOOL_CONVERSION = YES;
				CLANG_WARN_CONSTANT_CONVERSION = YES;
				CLANG_WARN_DIRECT_OBJC_ISA_USAGE = YES_ERROR;
				CLANG_WARN_EMPTY_BODY = YES;
				CLANG_WARN_ENUM_CONVERSION = YES;
				CLANG_WARN_INT_CONVERSION = YES;
				CLANG_WARN_OBJC_ROOT_CLASS = YES_ERROR;
				CLANG_WARN_UNREACHABLE_CODE = YES;
				CLANG_WARN__DUPLICATE_METHOD_MATCH = YES;
				CODE_SIGN_IDENTITY = "-";
				COPY_PHASE_STRIP = NO;
				DEBUG_INFORMATION_FORMAT = dwarf;
				ENABLE_STRICT_OBJC_MSGSEND = YES;
				ENABLE_TESTABILITY = YES;
				GCC_C_LANGUAGE_STANDARD = gnu99;
				GCC_DYNAMIC_NO_PIC = NO;
				GCC_NO_COMMON_BLOCKS = YES;
				GCC_OPTIMIZATION_LEVEL = 0;
				GCC_PREPROCESSOR_DEFINITIONS = (
					"DEBUG=1",
					"$(inherited)",
				);
				GCC_WARN_64_TO_32_BIT_CONVERSION = YES;
				GCC_WARN_ABOUT_RETURN_TYPE = YES_ERROR;
				GCC_WARN_UNDECLARED_SELECTOR = YES;
				GCC_WARN_UNINITIALIZED_AUTOS = YES_AGGRESSIVE;
				GCC_WARN_UNUSED_FUNCTION = YES;
				GCC_WARN_UNUSED_VARIABLE = YES;
				MACOSX_DEPLOYMENT_TARGET = 10.11;
				MTL_ENABLE_DEBUG_INFO = YES;
				ONLY_ACTIVE_ARCH = YES;
				SDKROOT = macosx;
			};
			name = Debug;
		};
		5DBB12A41BF5EC6000C1703D /* Release */ = {
			isa = XCBuildConfiguration;
			buildSettings = {
				ALWAYS_SEARCH_USER_PATHS = NO;
				CLANG_CXX_LANGUAGE_STANDARD = "gnu++0x";
				CLANG_CXX_LIBRARY = "libc++";
				CLANG_ENABLE_MODULES = YES;
				CLANG_ENABLE_OBJC_ARC = YES;
				CLANG_WARN_BOOL_CONVERSION = YES;
				CLANG_WARN_CONSTANT_CONVERSION = YES;
				CLANG_WARN_DIRECT_OBJC_ISA_USAGE = YES_ERROR;
				CLANG_WARN_EMPTY_BODY = YES;
				CLANG_WARN_ENUM_CONVERSION = YES;
				CLANG_WARN_INT_CONVERSION = YES;
				CLANG_WARN_OBJC_ROOT_CLASS = YES_ERROR;
				CLANG_WARN_UNREACHABLE_CODE = YES;
				CLANG_WARN__DUPLICATE_METHOD_MATCH = YES;
				CODE_SIGN_IDENTITY = "-";
				COPY_PHASE_STRIP = NO;
				DEBUG_INFORMATION_FORMAT = "dwarf-with-dsym";
				ENABLE_NS_ASSERTIONS = NO;
				ENABLE_STRICT_OBJC_MSGSEND = YES;
				GCC_C_LANGUAGE_STANDARD = gnu99;
				GCC_NO_COMMON_BLOCKS = YES;
				GCC_WARN_64_TO_32_BIT_CONVERSION = YES;
				GCC_WARN_ABOUT_RETURN_TYPE = YES_ERROR;
				GCC_WARN_UNDECLARED_SELECTOR = YES;
				GCC_WARN_UNINITIALIZED_AUTOS = YES_AGGRESSIVE;
				GCC_WARN_UNUSED_FUNCTION = YES;
				GCC_WARN_UNUSED_VARIABLE = YES;
				MACOSX_DEPLOYMENT_TARGET = 10.11;
				MTL_ENABLE_DEBUG_INFO = NO;
				SDKROOT = macosx;
			};
			name = Release;
		};
		5DBB12A61BF5EC6000C1703D /* Debug */ = {
			isa = XCBuildConfiguration;
			buildSettings = {
				GCC_C_LANGUAGE_STANDARD = gnu99;
				PRODUCT_NAME = "$(TARGET_NAME)";
			};
			name = Debug;
		};
		5DBB12A71BF5EC6000C1703D /* Release */ = {
			isa = XCBuildConfiguration;
			buildSettings = {
				GCC_C_LANGUAGE_STANDARD = gnu99;
				PRODUCT_NAME = "$(TARGET_NAME)";
			};
			name = Release;
		};
/* End XCBuildConfiguration section */

/* Begin XCConfigurationList section */
		5DBB12991BF5EC6000C1703D /* Build configuration list for PBXProject "IceCreamShop" */ = {
			isa = XCConfigurationList;
			buildConfigurations = (
				5DBB12A31BF5EC6000C1703D /* Debug */,
				5DBB12A41BF5EC6000C1703D /* Release */,
			);
			defaultConfigurationIsVisible = 0;
			defaultConfigurationName = Release;
		};
		5DBB12A51BF5EC6000C1703D /* Build configuration list for PBXNativeTarget "IceCreamShop" */ = {
			isa = XCConfigurationList;
			buildConfigurations = (
				5DBB12A61BF5EC6000C1703D /* Debug */,
				5DBB12A71BF5EC6000C1703D /* Release */,
			);
			defaultConfigurationIsVisible = 0;
			defaultConfigurationName = Release;
		};
/* End XCConfigurationList section */
	};
	rootObject = 5DBB12961BF5EC6000C1703D /* Project object */;
}
